
Microsoft Visual Studio Solution File, Format Version 12.00
# Visual Studio Version 17
VisualStudioVersion = 17.1.32319.34
MinimumVisualStudioVersion = 10.0.40219.1
Project("{9A19103F-16F7-4668-BE54-9A1E7A4F7556}") = "ELearningAPI.Infrastructure", "ELearningAPI.Infrastructure\ELearningAPI.Infrastructure.csproj", "{A079623C-F31B-4FF5-A8F4-B72172AE12F7}"
EndProject
Project("{9A19103F-16F7-4668-BE54-9A1E7A4F7556}") = "ELearningAPI.Service", "ELearningAPI.Service\ELearningAPI.Service.csproj", "{5F8D77CA-DC4C-4FA7-AD95-10B9B0302F1E}"
EndProject
Project("{9A19103F-16F7-4668-BE54-9A1E7A4F7556}") = "ELearningAPI.Presentation", "ELearningAPI.Presentation\ELearningAPI.Presentation.csproj", "{A5C9E70D-8319-49C1-9409-0A20564FDEC2}"
EndProject
Project("{9A19103F-16F7-4668-BE54-9A1E7A4F7556}") = "ELearningAPI.Common", "ELearningAPI.Common\ELearningAPI.Common.csproj", "{A094B867-8E27-4116-9CF3-6755B30D58C3}"
EndProject
Global
	GlobalSection(SolutionConfigurationPlatforms) = preSolution
		Debug|Any CPU = Debug|Any CPU
		Release|Any CPU = Release|Any CPU
	EndGlobalSection
	GlobalSection(ProjectConfigurationPlatforms) = postSolution
		{A079623C-F31B-4FF5-A8F4-B72172AE12F7}.Debug|Any CPU.ActiveCfg = Debug|Any CPU
		{A079623C-F31B-4FF5-A8F4-B72172AE12F7}.Debug|Any CPU.Build.0 = Debug|Any CPU
		{A079623C-F31B-4FF5-A8F4-B72172AE12F7}.Release|Any CPU.ActiveCfg = Release|Any CPU
		{A079623C-F31B-4FF5-A8F4-B72172AE12F7}.Release|Any CPU.Build.0 = Release|Any CPU
		{5F8D77CA-DC4C-4FA7-AD95-10B9B0302F1E}.Debug|Any CPU.ActiveCfg = Debug|Any CPU
		{5F8D77CA-DC4C-4FA7-AD95-10B9B0302F1E}.Debug|Any CPU.Build.0 = Debug|Any CPU
		{5F8D77CA-DC4C-4FA7-AD95-10B9B0302F1E}.Release|Any CPU.ActiveCfg = Release|Any CPU
		{5F8D77CA-DC4C-4FA7-AD95-10B9B0302F1E}.Release|Any CPU.Build.0 = Release|Any CPU
		{A5C9E70D-8319-49C1-9409-0A20564FDEC2}.Debug|Any CPU.ActiveCfg = Debug|Any CPU
		{A5C9E70D-8319-49C1-9409-0A20564FDEC2}.Debug|Any CPU.Build.0 = Debug|Any CPU
		{A5C9E70D-8319-49C1-9409-0A20564FDEC2}.Release|Any CPU.ActiveCfg = Release|Any CPU
		{A5C9E70D-8319-49C1-9409-0A20564FDEC2}.Release|Any CPU.Build.0 = Release|Any CPU
		{A094B867-8E27-4116-9CF3-6755B30D58C3}.Debug|Any CPU.ActiveCfg = Debug|Any CPU
		{A094B867-8E27-4116-9CF3-6755B30D58C3}.Debug|Any CPU.Build.0 = Debug|Any CPU
		{A094B867-8E27-4116-9CF3-6755B30D58C3}.Release|Any CPU.ActiveCfg = Release|Any CPU
		{A094B867-8E27-4116-9CF3-6755B30D58C3}.Release|Any CPU.Build.0 = Release|Any CPU
	EndGlobalSection
	GlobalSection(SolutionProperties) = preSolution
		HideSolutionNode = FALSE
	EndGlobalSection
	GlobalSection(ExtensibilityGlobals) = postSolution
		SolutionGuid = {4DB104F7-A5AF-4917-97A1-8481037015DB}
	EndGlobalSection
EndGlobal
